
Microsoft Visual Studio Solution File, Format Version 12.00
# Visual Studio Version 16
VisualStudioVersion = 16.0.30114.105
MinimumVisualStudioVersion = 10.0.40219.1
Project("{2150E333-8FDC-42A3-9474-1A3956D46DE8}") = "src", "src", "{D87E1BA5-9583-45FB-ADE4-C928C7702EBD}"
EndProject
Project("{FAE04EC0-301F-11D3-BF4B-00C04F79EFBC}") = "BatServerless.Function.Session", "src\BatServerless.Function.Session\BatServerless.Function.Session.csproj", "{1E3D29AB-6E5F-4D3E-B4F3-BEEDF8C93E17}"
EndProject
Project("{FAE04EC0-301F-11D3-BF4B-00C04F79EFBC}") = "BatServerless.Common", "src\BatServerless.Common\BatServerless.Common.csproj", "{7C473143-8D45-4991-96F0-6A3FB63E7187}"
EndProject
Global
	GlobalSection(SolutionConfigurationPlatforms) = preSolution
		Debug|Any CPU = Debug|Any CPU
		Release|Any CPU = Release|Any CPU
	EndGlobalSection
	GlobalSection(SolutionProperties) = preSolution
		HideSolutionNode = FALSE
	EndGlobalSection
	GlobalSection(ProjectConfigurationPlatforms) = postSolution
		{1E3D29AB-6E5F-4D3E-B4F3-BEEDF8C93E17}.Debug|Any CPU.ActiveCfg = Debug|Any CPU
		{1E3D29AB-6E5F-4D3E-B4F3-BEEDF8C93E17}.Debug|Any CPU.Build.0 = Debug|Any CPU
		{1E3D29AB-6E5F-4D3E-B4F3-BEEDF8C93E17}.Release|Any CPU.ActiveCfg = Release|Any CPU
		{1E3D29AB-6E5F-4D3E-B4F3-BEEDF8C93E17}.Release|Any CPU.Build.0 = Release|Any CPU
		{7C473143-8D45-4991-96F0-6A3FB63E7187}.Debug|Any CPU.ActiveCfg = Debug|Any CPU
		{7C473143-8D45-4991-96F0-6A3FB63E7187}.Debug|Any CPU.Build.0 = Debug|Any CPU
		{7C473143-8D45-4991-96F0-6A3FB63E7187}.Release|Any CPU.ActiveCfg = Release|Any CPU
		{7C473143-8D45-4991-96F0-6A3FB63E7187}.Release|Any CPU.Build.0 = Release|Any CPU
	EndGlobalSection
	GlobalSection(NestedProjects) = preSolution
		{1E3D29AB-6E5F-4D3E-B4F3-BEEDF8C93E17} = {D87E1BA5-9583-45FB-ADE4-C928C7702EBD}
		{7C473143-8D45-4991-96F0-6A3FB63E7187} = {D87E1BA5-9583-45FB-ADE4-C928C7702EBD}
	EndGlobalSection
EndGlobal
